
Microsoft Visual Studio Solution File, Format Version 12.00
# Visual Studio Version 16
VisualStudioVersion = 16.0.31728.76
MinimumVisualStudioVersion = 10.0.40219.1
Project("{FAE04EC0-301F-11D3-BF4B-00C04F79EFBC}") = "TR-ChatBot", "TR-ChatBot\TR-ChatBot.csproj", "{790AE192-2895-438F-AACA-181E6B540B66}"
EndProject
Global
	GlobalSection(SolutionConfigurationPlatforms) = preSolution
		Debug|Any CPU = Debug|Any CPU
		Release|Any CPU = Release|Any CPU
	EndGlobalSection
	GlobalSection(ProjectConfigurationPlatforms) = postSolution
		{790AE192-2895-438F-AACA-181E6B540B66}.Debug|Any CPU.ActiveCfg = Debug|Any CPU
		{790AE192-2895-438F-AACA-181E6B540B66}.Debug|Any CPU.Build.0 = Debug|Any CPU
		{790AE192-2895-438F-AACA-181E6B540B66}.Release|Any CPU.ActiveCfg = Release|Any CPU
		{790AE192-2895-438F-AACA-181E6B540B66}.Release|Any CPU.Build.0 = Release|Any CPU
	EndGlobalSection
	GlobalSection(SolutionProperties) = preSolution
		HideSolutionNode = FALSE
	EndGlobalSection
	GlobalSection(ExtensibilityGlobals) = postSolution
		SolutionGuid = {29443908-4BA6-46C2-A4B6-897C1795D256}
	EndGlobalSection
EndGlobal
